
Microsoft Visual Studio Solution File, Format Version 12.00
# Visual Studio Version 17
VisualStudioVersion = 17.3.32922.545
MinimumVisualStudioVersion = 10.0.40219.1
Project("{FAE04EC0-301F-11D3-BF4B-00C04F79EFBC}") = "Questions", "Questions.csproj", "{BB56B11E-FA64-4F02-97CD-2109ECA3B03E}"
EndProject
Global
	GlobalSection(SolutionConfigurationPlatforms) = preSolution
		Debug|Any CPU = Debug|Any CPU
		Release|Any CPU = Release|Any CPU
	EndGlobalSection
	GlobalSection(ProjectConfigurationPlatforms) = postSolution
		{BB56B11E-FA64-4F02-97CD-2109ECA3B03E}.Debug|Any CPU.ActiveCfg = Debug|Any CPU
		{BB56B11E-FA64-4F02-97CD-2109ECA3B03E}.Debug|Any CPU.Build.0 = Debug|Any CPU
		{BB56B11E-FA64-4F02-97CD-2109ECA3B03E}.Release|Any CPU.ActiveCfg = Release|Any CPU
		{BB56B11E-FA64-4F02-97CD-2109ECA3B03E}.Release|Any CPU.Build.0 = Release|Any CPU
	EndGlobalSection
	GlobalSection(SolutionProperties) = preSolution
		HideSolutionNode = FALSE
	EndGlobalSection
	GlobalSection(ExtensibilityGlobals) = postSolution
		SolutionGuid = {EF7B2629-0622-49AE-8598-02AEA9CA02DF}
	EndGlobalSection
EndGlobal
